
Microsoft Visual Studio Solution File, Format Version 12.00
# Visual Studio Version 17
VisualStudioVersion = 17.3.32922.545
MinimumVisualStudioVersion = 10.0.40219.1
Project("{FAE04EC0-301F-11D3-BF4B-00C04F79EFBC}") = "WebEjemplo", "WebEjemplo\WebEjemplo.csproj", "{7477A9C6-9008-4034-B4B6-467A08A6E87B}"
EndProject
Global
	GlobalSection(SolutionConfigurationPlatforms) = preSolution
		Debug|Any CPU = Debug|Any CPU
		Release|Any CPU = Release|Any CPU
	EndGlobalSection
	GlobalSection(ProjectConfigurationPlatforms) = postSolution
		{7477A9C6-9008-4034-B4B6-467A08A6E87B}.Debug|Any CPU.ActiveCfg = Debug|Any CPU
		{7477A9C6-9008-4034-B4B6-467A08A6E87B}.Debug|Any CPU.Build.0 = Debug|Any CPU
		{7477A9C6-9008-4034-B4B6-467A08A6E87B}.Release|Any CPU.ActiveCfg = Release|Any CPU
		{7477A9C6-9008-4034-B4B6-467A08A6E87B}.Release|Any CPU.Build.0 = Release|Any CPU
	EndGlobalSection
	GlobalSection(SolutionProperties) = preSolution
		HideSolutionNode = FALSE
	EndGlobalSection
	GlobalSection(ExtensibilityGlobals) = postSolution
		SolutionGuid = {F8D07A05-B59C-4A8C-A5F3-A41697A5D966}
	EndGlobalSection
EndGlobal
